
Microsoft Visual Studio Solution File, Format Version 12.00
# Visual Studio Version 16
VisualStudioVersion = 16.0.32106.194
MinimumVisualStudioVersion = 10.0.40219.1
Project("{FAE04EC0-301F-11D3-BF4B-00C04F79EFBC}") = "WebApplicationwithSQL", "WebApplicationwithSQL.csproj", "{39998A4C-962D-47E8-B483-BE4663D9241E}"
EndProject
Global
	GlobalSection(SolutionConfigurationPlatforms) = preSolution
		Debug|Any CPU = Debug|Any CPU
		Release|Any CPU = Release|Any CPU
	EndGlobalSection
	GlobalSection(ProjectConfigurationPlatforms) = postSolution
		{39998A4C-962D-47E8-B483-BE4663D9241E}.Debug|Any CPU.ActiveCfg = Debug|Any CPU
		{39998A4C-962D-47E8-B483-BE4663D9241E}.Debug|Any CPU.Build.0 = Debug|Any CPU
		{39998A4C-962D-47E8-B483-BE4663D9241E}.Release|Any CPU.ActiveCfg = Release|Any CPU
		{39998A4C-962D-47E8-B483-BE4663D9241E}.Release|Any CPU.Build.0 = Release|Any CPU
	EndGlobalSection
	GlobalSection(SolutionProperties) = preSolution
		HideSolutionNode = FALSE
	EndGlobalSection
	GlobalSection(ExtensibilityGlobals) = postSolution
		SolutionGuid = {154DA326-D695-42EF-A1BF-7B5E90C575FD}
	EndGlobalSection
EndGlobal
