
Microsoft Visual Studio Solution File, Format Version 12.00
# Visual Studio Version 16
VisualStudioVersion = 16.0.32106.194
MinimumVisualStudioVersion = 10.0.40219.1
Project("{FAE04EC0-301F-11D3-BF4B-00C04F79EFBC}") = "extensionmethod", "extensionmethod.csproj", "{0BDFE3C1-C900-4049-90FA-1F4EA5DF0450}"
EndProject
Global
	GlobalSection(SolutionConfigurationPlatforms) = preSolution
		Debug|Any CPU = Debug|Any CPU
		Release|Any CPU = Release|Any CPU
	EndGlobalSection
	GlobalSection(ProjectConfigurationPlatforms) = postSolution
		{0BDFE3C1-C900-4049-90FA-1F4EA5DF0450}.Debug|Any CPU.ActiveCfg = Debug|Any CPU
		{0BDFE3C1-C900-4049-90FA-1F4EA5DF0450}.Debug|Any CPU.Build.0 = Debug|Any CPU
		{0BDFE3C1-C900-4049-90FA-1F4EA5DF0450}.Release|Any CPU.ActiveCfg = Release|Any CPU
		{0BDFE3C1-C900-4049-90FA-1F4EA5DF0450}.Release|Any CPU.Build.0 = Release|Any CPU
	EndGlobalSection
	GlobalSection(SolutionProperties) = preSolution
		HideSolutionNode = FALSE
	EndGlobalSection
	GlobalSection(ExtensibilityGlobals) = postSolution
		SolutionGuid = {9CE1906C-75B1-44A5-8B61-17D7F2EA6A6E}
	EndGlobalSection
EndGlobal
