
Microsoft Visual Studio Solution File, Format Version 12.00
# Visual Studio Version 16
VisualStudioVersion = 16.0.32106.194
MinimumVisualStudioVersion = 10.0.40219.1
Project("{FAE04EC0-301F-11D3-BF4B-00C04F79EFBC}") = "duplicate", "duplicate.csproj", "{D086B8A6-50FE-4AD3-A064-EBCFB74A0A95}"
EndProject
Global
	GlobalSection(SolutionConfigurationPlatforms) = preSolution
		Debug|Any CPU = Debug|Any CPU
		Release|Any CPU = Release|Any CPU
	EndGlobalSection
	GlobalSection(ProjectConfigurationPlatforms) = postSolution
		{D086B8A6-50FE-4AD3-A064-EBCFB74A0A95}.Debug|Any CPU.ActiveCfg = Debug|Any CPU
		{D086B8A6-50FE-4AD3-A064-EBCFB74A0A95}.Debug|Any CPU.Build.0 = Debug|Any CPU
		{D086B8A6-50FE-4AD3-A064-EBCFB74A0A95}.Release|Any CPU.ActiveCfg = Release|Any CPU
		{D086B8A6-50FE-4AD3-A064-EBCFB74A0A95}.Release|Any CPU.Build.0 = Release|Any CPU
	EndGlobalSection
	GlobalSection(SolutionProperties) = preSolution
		HideSolutionNode = FALSE
	EndGlobalSection
	GlobalSection(ExtensibilityGlobals) = postSolution
		SolutionGuid = {3C1A091B-2587-43D4-A515-2E0B1815F9F4}
	EndGlobalSection
EndGlobal
