
Microsoft Visual Studio Solution File, Format Version 12.00
# Visual Studio Version 16
VisualStudioVersion = 16.0.32106.194
MinimumVisualStudioVersion = 10.0.40219.1
Project("{FAE04EC0-301F-11D3-BF4B-00C04F79EFBC}") = "laptop", "laptop.csproj", "{3A5DB05D-7297-4740-8507-AA289B37B8C0}"
EndProject
Global
	GlobalSection(SolutionConfigurationPlatforms) = preSolution
		Debug|Any CPU = Debug|Any CPU
		Release|Any CPU = Release|Any CPU
	EndGlobalSection
	GlobalSection(ProjectConfigurationPlatforms) = postSolution
		{3A5DB05D-7297-4740-8507-AA289B37B8C0}.Debug|Any CPU.ActiveCfg = Debug|Any CPU
		{3A5DB05D-7297-4740-8507-AA289B37B8C0}.Debug|Any CPU.Build.0 = Debug|Any CPU
		{3A5DB05D-7297-4740-8507-AA289B37B8C0}.Release|Any CPU.ActiveCfg = Release|Any CPU
		{3A5DB05D-7297-4740-8507-AA289B37B8C0}.Release|Any CPU.Build.0 = Release|Any CPU
	EndGlobalSection
	GlobalSection(SolutionProperties) = preSolution
		HideSolutionNode = FALSE
	EndGlobalSection
	GlobalSection(ExtensibilityGlobals) = postSolution
		SolutionGuid = {ED003439-725A-4624-86AE-EFB1261CB230}
	EndGlobalSection
EndGlobal
