
Microsoft Visual Studio Solution File, Format Version 12.00
# Visual Studio Version 16
VisualStudioVersion = 16.0.32106.194
MinimumVisualStudioVersion = 10.0.40219.1
Project("{FAE04EC0-301F-11D3-BF4B-00C04F79EFBC}") = "multiheading", "multiheading.csproj", "{095CC071-24E4-42B2-BC03-E3965CCF9A98}"
EndProject
Global
	GlobalSection(SolutionConfigurationPlatforms) = preSolution
		Debug|Any CPU = Debug|Any CPU
		Release|Any CPU = Release|Any CPU
	EndGlobalSection
	GlobalSection(ProjectConfigurationPlatforms) = postSolution
		{095CC071-24E4-42B2-BC03-E3965CCF9A98}.Debug|Any CPU.ActiveCfg = Debug|Any CPU
		{095CC071-24E4-42B2-BC03-E3965CCF9A98}.Debug|Any CPU.Build.0 = Debug|Any CPU
		{095CC071-24E4-42B2-BC03-E3965CCF9A98}.Release|Any CPU.ActiveCfg = Release|Any CPU
		{095CC071-24E4-42B2-BC03-E3965CCF9A98}.Release|Any CPU.Build.0 = Release|Any CPU
	EndGlobalSection
	GlobalSection(SolutionProperties) = preSolution
		HideSolutionNode = FALSE
	EndGlobalSection
	GlobalSection(ExtensibilityGlobals) = postSolution
		SolutionGuid = {344FCAC6-B019-4830-936D-D5F24A39810C}
	EndGlobalSection
EndGlobal
