
Microsoft Visual Studio Solution File, Format Version 12.00
# Visual Studio Version 16
VisualStudioVersion = 16.0.32106.194
MinimumVisualStudioVersion = 10.0.40219.1
Project("{FAE04EC0-301F-11D3-BF4B-00C04F79EFBC}") = "pattern 3", "pattern 3\pattern 3.csproj", "{9370120D-712A-4C71-A696-84B94FA55358}"
EndProject
Global
	GlobalSection(SolutionConfigurationPlatforms) = preSolution
		Debug|Any CPU = Debug|Any CPU
		Release|Any CPU = Release|Any CPU
	EndGlobalSection
	GlobalSection(ProjectConfigurationPlatforms) = postSolution
		{9370120D-712A-4C71-A696-84B94FA55358}.Debug|Any CPU.ActiveCfg = Debug|Any CPU
		{9370120D-712A-4C71-A696-84B94FA55358}.Debug|Any CPU.Build.0 = Debug|Any CPU
		{9370120D-712A-4C71-A696-84B94FA55358}.Release|Any CPU.ActiveCfg = Release|Any CPU
		{9370120D-712A-4C71-A696-84B94FA55358}.Release|Any CPU.Build.0 = Release|Any CPU
	EndGlobalSection
	GlobalSection(SolutionProperties) = preSolution
		HideSolutionNode = FALSE
	EndGlobalSection
	GlobalSection(ExtensibilityGlobals) = postSolution
		SolutionGuid = {B21E0F39-CE86-4ED4-8528-E2E9E3B5D13A}
	EndGlobalSection
EndGlobal
