
Microsoft Visual Studio Solution File, Format Version 12.00
# Visual Studio Version 16
VisualStudioVersion = 16.0.32106.194
MinimumVisualStudioVersion = 10.0.40219.1
Project("{FAE04EC0-301F-11D3-BF4B-00C04F79EFBC}") = "cal using switch", "cal using switch\cal using switch.csproj", "{0213F1D4-3386-4143-BD4B-8ADDB62CA226}"
EndProject
Global
	GlobalSection(SolutionConfigurationPlatforms) = preSolution
		Debug|Any CPU = Debug|Any CPU
		Release|Any CPU = Release|Any CPU
	EndGlobalSection
	GlobalSection(ProjectConfigurationPlatforms) = postSolution
		{0213F1D4-3386-4143-BD4B-8ADDB62CA226}.Debug|Any CPU.ActiveCfg = Debug|Any CPU
		{0213F1D4-3386-4143-BD4B-8ADDB62CA226}.Debug|Any CPU.Build.0 = Debug|Any CPU
		{0213F1D4-3386-4143-BD4B-8ADDB62CA226}.Release|Any CPU.ActiveCfg = Release|Any CPU
		{0213F1D4-3386-4143-BD4B-8ADDB62CA226}.Release|Any CPU.Build.0 = Release|Any CPU
	EndGlobalSection
	GlobalSection(SolutionProperties) = preSolution
		HideSolutionNode = FALSE
	EndGlobalSection
	GlobalSection(ExtensibilityGlobals) = postSolution
		SolutionGuid = {8002FD38-2514-4500-8413-DE62EE9B2248}
	EndGlobalSection
EndGlobal
