
Microsoft Visual Studio Solution File, Format Version 12.00
# Visual Studio Version 16
VisualStudioVersion = 16.0.32106.194
MinimumVisualStudioVersion = 10.0.40219.1
Project("{FAE04EC0-301F-11D3-BF4B-00C04F79EFBC}") = "FileHandling", "FileHandling.csproj", "{5B8DDA6B-1E06-4E45-8A05-830F7CCC72DE}"
EndProject
Global
	GlobalSection(SolutionConfigurationPlatforms) = preSolution
		Debug|Any CPU = Debug|Any CPU
		Release|Any CPU = Release|Any CPU
	EndGlobalSection
	GlobalSection(ProjectConfigurationPlatforms) = postSolution
		{5B8DDA6B-1E06-4E45-8A05-830F7CCC72DE}.Debug|Any CPU.ActiveCfg = Debug|Any CPU
		{5B8DDA6B-1E06-4E45-8A05-830F7CCC72DE}.Debug|Any CPU.Build.0 = Debug|Any CPU
		{5B8DDA6B-1E06-4E45-8A05-830F7CCC72DE}.Release|Any CPU.ActiveCfg = Release|Any CPU
		{5B8DDA6B-1E06-4E45-8A05-830F7CCC72DE}.Release|Any CPU.Build.0 = Release|Any CPU
	EndGlobalSection
	GlobalSection(SolutionProperties) = preSolution
		HideSolutionNode = FALSE
	EndGlobalSection
	GlobalSection(ExtensibilityGlobals) = postSolution
		SolutionGuid = {A3FCF27A-A48D-49EC-A95F-DE982FBB29E0}
	EndGlobalSection
EndGlobal
